
Microsoft Visual Studio Solution File, Format Version 12.00
# Visual Studio Version 17
VisualStudioVersion = 17.4.33122.133
MinimumVisualStudioVersion = 10.0.40219.1
Project("{FAE04EC0-301F-11D3-BF4B-00C04F79EFBC}") = "animal_generator.app", "animal_generator.app\animal_generator.app.csproj", "{5D9CCA03-FEE6-4EAA-BD74-4A3D547D85FC}"
EndProject
Project("{FAE04EC0-301F-11D3-BF4B-00C04F79EFBC}") = "animal_generator.models", "animal_generator.models\animal_generator.models.csproj", "{F28D2DFA-79E2-4708-AB93-EEB7178EE920}"
EndProject
Global
	GlobalSection(SolutionConfigurationPlatforms) = preSolution
		Debug|Any CPU = Debug|Any CPU
		Release|Any CPU = Release|Any CPU
	EndGlobalSection
	GlobalSection(ProjectConfigurationPlatforms) = postSolution
		{5D9CCA03-FEE6-4EAA-BD74-4A3D547D85FC}.Debug|Any CPU.ActiveCfg = Debug|Any CPU
		{5D9CCA03-FEE6-4EAA-BD74-4A3D547D85FC}.Debug|Any CPU.Build.0 = Debug|Any CPU
		{5D9CCA03-FEE6-4EAA-BD74-4A3D547D85FC}.Release|Any CPU.ActiveCfg = Release|Any CPU
		{5D9CCA03-FEE6-4EAA-BD74-4A3D547D85FC}.Release|Any CPU.Build.0 = Release|Any CPU
		{F28D2DFA-79E2-4708-AB93-EEB7178EE920}.Debug|Any CPU.ActiveCfg = Debug|Any CPU
		{F28D2DFA-79E2-4708-AB93-EEB7178EE920}.Debug|Any CPU.Build.0 = Debug|Any CPU
		{F28D2DFA-79E2-4708-AB93-EEB7178EE920}.Release|Any CPU.ActiveCfg = Release|Any CPU
		{F28D2DFA-79E2-4708-AB93-EEB7178EE920}.Release|Any CPU.Build.0 = Release|Any CPU
	EndGlobalSection
	GlobalSection(SolutionProperties) = preSolution
		HideSolutionNode = FALSE
	EndGlobalSection
	GlobalSection(ExtensibilityGlobals) = postSolution
		SolutionGuid = {D8540814-E42D-4692-86D9-6B758A1056AD}
	EndGlobalSection
EndGlobal
